{
    "_meta": {
        "hash": {
            "sha256": "4d9b0aef16b6a66d7ea4087bce0c66f7c48849734bd1a4a406473ca6d84332f8"
        },
        "pipfile-spec": 6,
        "requires": {
            "python_version": "3.8.2"
        },
        "sources": [
            {
                "name": "pypi",
                "url": "https://pypi.python.org/simple",
                "verify_ssl": true
            }
        ]
    },
    "default": {},
    "develop": {}
}
